// !$*UTF8*$!
{
	archiveVersion = 1;
	classes = {
	};
	objectVersion = 50;
	objects = {

/* Begin PBXBuildFile section */
		D8F38BD8230E396600C007F6 /* AppDelegate.swift in Sources */ = {isa = PBXBuildFile; fileRef = D8F38BD7230E396600C007F6 /* AppDelegate.swift */; };
		D8F38BDF230E396800C007F6 /* Assets.xcassets in Resources */ = {isa = PBXBuildFile; fileRef = D8F38BDE230E396800C007F6 /* Assets.xcassets */; };
		D8F38BE2230E396800C007F6 /* LaunchScreen.storyboard in Resources */ = {isa = PBXBuildFile; fileRef = D8F38BE0230E396800C007F6 /* LaunchScreen.storyboard */; };
		E3745BEA2314D36500AA3FF0 /* Extensions.swift in Sources */ = {isa = PBXBuildFile; fileRef = E3745BE92314D36500AA3FF0 /* Extensions.swift */; };
		E3745BEE2314D37400AA3FF0 /* VolunteerController.swift in Sources */ = {isa = PBXBuildFile; fileRef = E3745BEC2314D37400AA3FF0 /* VolunteerController.swift */; };
		E3745BEF2314D37400AA3FF0 /* BusinessController.swift in Sources */ = {isa = PBXBuildFile; fileRef = E3745BED2314D37400AA3FF0 /* BusinessController.swift */; };
		E3745BF32314D38D00AA3FF0 /* Volunteer.swift in Sources */ = {isa = PBXBuildFile; fileRef = E3745BF12314D38D00AA3FF0 /* Volunteer.swift */; };
		E3745BF42314D38D00AA3FF0 /* Business.swift in Sources */ = {isa = PBXBuildFile; fileRef = E3745BF22314D38D00AA3FF0 /* Business.swift */; };
		E3C90182230F2A7B009F9844 /* SignUpThreeViewController.swift in Sources */ = {isa = PBXBuildFile; fileRef = E3C90179230F2A7A009F9844 /* SignUpThreeViewController.swift */; };
		E3C90183230F2A7B009F9844 /* SignUpTwoViewController.swift in Sources */ = {isa = PBXBuildFile; fileRef = E3C9017A230F2A7B009F9844 /* SignUpTwoViewController.swift */; };
		E3C90184230F2A7B009F9844 /* SignInViewController.swift in Sources */ = {isa = PBXBuildFile; fileRef = E3C9017B230F2A7B009F9844 /* SignInViewController.swift */; };
		E3C90185230F2A7B009F9844 /* DetailViewController.swift in Sources */ = {isa = PBXBuildFile; fileRef = E3C9017C230F2A7B009F9844 /* DetailViewController.swift */; };
		E3C90186230F2A7B009F9844 /* SignUpOneViewController.swift in Sources */ = {isa = PBXBuildFile; fileRef = E3C9017D230F2A7B009F9844 /* SignUpOneViewController.swift */; };
		E3C90187230F2A7B009F9844 /* EditDonationViewController.swift in Sources */ = {isa = PBXBuildFile; fileRef = E3C9017E230F2A7B009F9844 /* EditDonationViewController.swift */; };
		E3C90188230F2A7B009F9844 /* WelcomeViewController.swift in Sources */ = {isa = PBXBuildFile; fileRef = E3C9017F230F2A7B009F9844 /* WelcomeViewController.swift */; };
		E3C90189230F2A7B009F9844 /* DashboardCollectionViewController.swift in Sources */ = {isa = PBXBuildFile; fileRef = E3C90180230F2A7B009F9844 /* DashboardCollectionViewController.swift */; };
		E3C9018A230F2A7B009F9844 /* AddDonationViewController.swift in Sources */ = {isa = PBXBuildFile; fileRef = E3C90181230F2A7B009F9844 /* AddDonationViewController.swift */; };
		E3E24E2B230F7F9900CD105B /* Dashboard.storyboard in Resources */ = {isa = PBXBuildFile; fileRef = E3E24E2A230F7F9900CD105B /* Dashboard.storyboard */; };
		E3E24E2F230F8EF900CD105B /* FoodItem.swift in Sources */ = {isa = PBXBuildFile; fileRef = E3E24E2E230F8EF900CD105B /* FoodItem.swift */; };
		E3E24E3223101EA600CD105B /* FoodItemCollectionViewCell.swift in Sources */ = {isa = PBXBuildFile; fileRef = E3E24E3123101EA600CD105B /* FoodItemCollectionViewCell.swift */; };
		E3E24E352310226E00CD105B /* FoodController.swift in Sources */ = {isa = PBXBuildFile; fileRef = E3E24E342310226E00CD105B /* FoodController.swift */; };
		E3E24E39231371F400CD105B /* DatePickerViewController.swift in Sources */ = {isa = PBXBuildFile; fileRef = E3E24E38231371F400CD105B /* DatePickerViewController.swift */; };
		E3E24E582314CE5A00CD105B /* OpenSans-ExtraBold.ttf in Resources */ = {isa = PBXBuildFile; fileRef = E3E24E532314CE5A00CD105B /* OpenSans-ExtraBold.ttf */; };
		E3E24E592314CE5A00CD105B /* OpenSans-Light.ttf in Resources */ = {isa = PBXBuildFile; fileRef = E3E24E542314CE5A00CD105B /* OpenSans-Light.ttf */; };
		E3E24E5A2314CE5A00CD105B /* OpenSans-Bold.ttf in Resources */ = {isa = PBXBuildFile; fileRef = E3E24E552314CE5A00CD105B /* OpenSans-Bold.ttf */; };
		E3E24E5B2314CE5A00CD105B /* OpenSans-SemiBold.ttf in Resources */ = {isa = PBXBuildFile; fileRef = E3E24E562314CE5A00CD105B /* OpenSans-SemiBold.ttf */; };
		E3E24E5C2314CE5A00CD105B /* OpenSans-Regular.ttf in Resources */ = {isa = PBXBuildFile; fileRef = E3E24E572314CE5A00CD105B /* OpenSans-Regular.ttf */; };
		F31DFF122316253A00124C1E /* PopUp.swift in Sources */ = {isa = PBXBuildFile; fileRef = F31DFF112316253A00124C1E /* PopUp.swift */; };
		F3CBFD3A230EE544003A7297 /* Main.storyboard in Resources */ = {isa = PBXBuildFile; fileRef = F3CBFD39230EE544003A7297 /* Main.storyboard */; };
		F3CBFD3C230EFC2A003A7297 /* BusinessSignUpForm.storyboard in Resources */ = {isa = PBXBuildFile; fileRef = F3CBFD3B230EFC2A003A7297 /* BusinessSignUpForm.storyboard */; };
		F3CBFD3E230F0584003A7297 /* VolunteerSignUpForm.storyboard in Resources */ = {isa = PBXBuildFile; fileRef = F3CBFD3D230F0584003A7297 /* VolunteerSignUpForm.storyboard */; };
/* End PBXBuildFile section */

/* Begin PBXFileReference section */
		D8F38BD4230E396600C007F6 /* Replate.app */ = {isa = PBXFileReference; explicitFileType = wrapper.application; includeInIndex = 0; path = Replate.app; sourceTree = BUILT_PRODUCTS_DIR; };
		D8F38BD7230E396600C007F6 /* AppDelegate.swift */ = {isa = PBXFileReference; lastKnownFileType = sourcecode.swift; path = AppDelegate.swift; sourceTree = "<group>"; };
		D8F38BDE230E396800C007F6 /* Assets.xcassets */ = {isa = PBXFileReference; lastKnownFileType = folder.assetcatalog; path = Assets.xcassets; sourceTree = "<group>"; };
		D8F38BE1230E396800C007F6 /* Base */ = {isa = PBXFileReference; lastKnownFileType = file.storyboard; name = Base; path = Base.lproj/LaunchScreen.storyboard; sourceTree = "<group>"; };
		D8F38BE3230E396800C007F6 /* Info.plist */ = {isa = PBXFileReference; lastKnownFileType = text.plist.xml; path = Info.plist; sourceTree = "<group>"; };
		E3745BE92314D36500AA3FF0 /* Extensions.swift */ = {isa = PBXFileReference; fileEncoding = 4; lastKnownFileType = sourcecode.swift; path = Extensions.swift; sourceTree = "<group>"; };
		E3745BEC2314D37400AA3FF0 /* VolunteerController.swift */ = {isa = PBXFileReference; fileEncoding = 4; lastKnownFileType = sourcecode.swift; path = VolunteerController.swift; sourceTree = "<group>"; };
		E3745BED2314D37400AA3FF0 /* BusinessController.swift */ = {isa = PBXFileReference; fileEncoding = 4; lastKnownFileType = sourcecode.swift; path = BusinessController.swift; sourceTree = "<group>"; };
		E3745BF12314D38D00AA3FF0 /* Volunteer.swift */ = {isa = PBXFileReference; fileEncoding = 4; lastKnownFileType = sourcecode.swift; path = Volunteer.swift; sourceTree = "<group>"; };
		E3745BF22314D38D00AA3FF0 /* Business.swift */ = {isa = PBXFileReference; fileEncoding = 4; lastKnownFileType = sourcecode.swift; path = Business.swift; sourceTree = "<group>"; };
		E3C90179230F2A7A009F9844 /* SignUpThreeViewController.swift */ = {isa = PBXFileReference; fileEncoding = 4; lastKnownFileType = sourcecode.swift; path = SignUpThreeViewController.swift; sourceTree = "<group>"; };
		E3C9017A230F2A7B009F9844 /* SignUpTwoViewController.swift */ = {isa = PBXFileReference; fileEncoding = 4; lastKnownFileType = sourcecode.swift; path = SignUpTwoViewController.swift; sourceTree = "<group>"; };
		E3C9017B230F2A7B009F9844 /* SignInViewController.swift */ = {isa = PBXFileReference; fileEncoding = 4; lastKnownFileType = sourcecode.swift; path = SignInViewController.swift; sourceTree = "<group>"; };
		E3C9017C230F2A7B009F9844 /* DetailViewController.swift */ = {isa = PBXFileReference; fileEncoding = 4; lastKnownFileType = sourcecode.swift; path = DetailViewController.swift; sourceTree = "<group>"; };
		E3C9017D230F2A7B009F9844 /* SignUpOneViewController.swift */ = {isa = PBXFileReference; fileEncoding = 4; lastKnownFileType = sourcecode.swift; path = SignUpOneViewController.swift; sourceTree = "<group>"; };
		E3C9017E230F2A7B009F9844 /* EditDonationViewController.swift */ = {isa = PBXFileReference; fileEncoding = 4; lastKnownFileType = sourcecode.swift; path = EditDonationViewController.swift; sourceTree = "<group>"; };
		E3C9017F230F2A7B009F9844 /* WelcomeViewController.swift */ = {isa = PBXFileReference; fileEncoding = 4; lastKnownFileType = sourcecode.swift; path = WelcomeViewController.swift; sourceTree = "<group>"; };
		E3C90180230F2A7B009F9844 /* DashboardCollectionViewController.swift */ = {isa = PBXFileReference; fileEncoding = 4; lastKnownFileType = sourcecode.swift; path = DashboardCollectionViewController.swift; sourceTree = "<group>"; };
		E3C90181230F2A7B009F9844 /* AddDonationViewController.swift */ = {isa = PBXFileReference; fileEncoding = 4; lastKnownFileType = sourcecode.swift; path = AddDonationViewController.swift; sourceTree = "<group>"; };
		E3E24E2A230F7F9900CD105B /* Dashboard.storyboard */ = {isa = PBXFileReference; lastKnownFileType = file.storyboard; path = Dashboard.storyboard; sourceTree = "<group>"; };
		E3E24E2E230F8EF900CD105B /* FoodItem.swift */ = {isa = PBXFileReference; lastKnownFileType = sourcecode.swift; path = FoodItem.swift; sourceTree = "<group>"; };
		E3E24E3123101EA600CD105B /* FoodItemCollectionViewCell.swift */ = {isa = PBXFileReference; lastKnownFileType = sourcecode.swift; path = FoodItemCollectionViewCell.swift; sourceTree = "<group>"; };
		E3E24E342310226E00CD105B /* FoodController.swift */ = {isa = PBXFileReference; lastKnownFileType = sourcecode.swift; path = FoodController.swift; sourceTree = "<group>"; };
		E3E24E38231371F400CD105B /* DatePickerViewController.swift */ = {isa = PBXFileReference; lastKnownFileType = sourcecode.swift; path = DatePickerViewController.swift; sourceTree = "<group>"; };
		E3E24E532314CE5A00CD105B /* OpenSans-ExtraBold.ttf */ = {isa = PBXFileReference; lastKnownFileType = file; name = "OpenSans-ExtraBold.ttf"; path = "Replate/OpenSans-ExtraBold.ttf"; sourceTree = SOURCE_ROOT; };
		E3E24E542314CE5A00CD105B /* OpenSans-Light.ttf */ = {isa = PBXFileReference; lastKnownFileType = file; name = "OpenSans-Light.ttf"; path = "Replate/OpenSans-Light.ttf"; sourceTree = SOURCE_ROOT; };
		E3E24E552314CE5A00CD105B /* OpenSans-Bold.ttf */ = {isa = PBXFileReference; lastKnownFileType = file; name = "OpenSans-Bold.ttf"; path = "Replate/OpenSans-Bold.ttf"; sourceTree = SOURCE_ROOT; };
		E3E24E562314CE5A00CD105B /* OpenSans-SemiBold.ttf */ = {isa = PBXFileReference; lastKnownFileType = file; name = "OpenSans-SemiBold.ttf"; path = "Replate/OpenSans-SemiBold.ttf"; sourceTree = SOURCE_ROOT; };
		E3E24E572314CE5A00CD105B /* OpenSans-Regular.ttf */ = {isa = PBXFileReference; lastKnownFileType = file; name = "OpenSans-Regular.ttf"; path = "Replate/OpenSans-Regular.ttf"; sourceTree = SOURCE_ROOT; };
		F31DFF112316253A00124C1E /* PopUp.swift */ = {isa = PBXFileReference; lastKnownFileType = sourcecode.swift; path = PopUp.swift; sourceTree = "<group>"; };
		F3CBFD39230EE544003A7297 /* Main.storyboard */ = {isa = PBXFileReference; lastKnownFileType = file.storyboard; path = Main.storyboard; sourceTree = "<group>"; };
		F3CBFD3B230EFC2A003A7297 /* BusinessSignUpForm.storyboard */ = {isa = PBXFileReference; lastKnownFileType = file.storyboard; path = BusinessSignUpForm.storyboard; sourceTree = "<group>"; };
		F3CBFD3D230F0584003A7297 /* VolunteerSignUpForm.storyboard */ = {isa = PBXFileReference; lastKnownFileType = file.storyboard; path = VolunteerSignUpForm.storyboard; sourceTree = "<group>"; };
/* End PBXFileReference section */

/* Begin PBXFrameworksBuildPhase section */
		D8F38BD1230E396600C007F6 /* Frameworks */ = {
			isa = PBXFrameworksBuildPhase;
			buildActionMask = 2147483647;
			files = (
			);
			runOnlyForDeploymentPostprocessing = 0;
		};
/* End PBXFrameworksBuildPhase section */

/* Begin PBXGroup section */
		D8F38BCB230E396600C007F6 = {
			isa = PBXGroup;
			children = (
				D8F38BD6230E396600C007F6 /* Replate */,
				D8F38BD5230E396600C007F6 /* Products */,
			);
			sourceTree = "<group>";
		};
		D8F38BD5230E396600C007F6 /* Products */ = {
			isa = PBXGroup;
			children = (
				D8F38BD4230E396600C007F6 /* Replate.app */,
			);
			name = Products;
			sourceTree = "<group>";
		};
		D8F38BD6230E396600C007F6 /* Replate */ = {
			isa = PBXGroup;
			children = (
				E3745BEB2314D37400AA3FF0 /* Model Controllers */,
				E3745BE82314D36500AA3FF0 /* Extensions */,
				E3E24E522314CE3700CD105B /* Resources */,
				E3C90166230F0F0F009F9844 /* View Controllers */,
				E3E24E2D230F8EE300CD105B /* Models */,
				E3E24E30230F929E00CD105B /* Views */,
				E3E24E2C230F8C4C00CD105B /* Storyboards */,
				D8F38BD7230E396600C007F6 /* AppDelegate.swift */,
				D8F38BDE230E396800C007F6 /* Assets.xcassets */,
				D8F38BE3230E396800C007F6 /* Info.plist */,
			);
			path = Replate;
			sourceTree = "<group>";
		};
		E3745BE82314D36500AA3FF0 /* Extensions */ = {
			isa = PBXGroup;
			children = (
				E3745BE92314D36500AA3FF0 /* Extensions.swift */,
			);
			path = Extensions;
			sourceTree = "<group>";
		};
		E3745BEB2314D37400AA3FF0 /* Model Controllers */ = {
			isa = PBXGroup;
			children = (
				E3E24E342310226E00CD105B /* FoodController.swift */,
				E3745BEC2314D37400AA3FF0 /* VolunteerController.swift */,
				E3745BED2314D37400AA3FF0 /* BusinessController.swift */,
			);
			path = "Model Controllers";
			sourceTree = "<group>";
		};
		E3C90166230F0F0F009F9844 /* View Controllers */ = {
			isa = PBXGroup;
			children = (
				E3C90181230F2A7B009F9844 /* AddDonationViewController.swift */,
				E3C9017E230F2A7B009F9844 /* EditDonationViewController.swift */,
				E3C90180230F2A7B009F9844 /* DashboardCollectionViewController.swift */,
				E3E24E38231371F400CD105B /* DatePickerViewController.swift */,
				E3C9017C230F2A7B009F9844 /* DetailViewController.swift */,
				E3C9017B230F2A7B009F9844 /* SignInViewController.swift */,
				E3C9017D230F2A7B009F9844 /* SignUpOneViewController.swift */,
				E3C90179230F2A7A009F9844 /* SignUpThreeViewController.swift */,
				E3C9017A230F2A7B009F9844 /* SignUpTwoViewController.swift */,
				E3C9017F230F2A7B009F9844 /* WelcomeViewController.swift */,
			);
			path = "View Controllers";
			sourceTree = "<group>";
		};
		E3E24E2C230F8C4C00CD105B /* Storyboards */ = {
			isa = PBXGroup;
			children = (
				F3CBFD39230EE544003A7297 /* Main.storyboard */,
				E3E24E2A230F7F9900CD105B /* Dashboard.storyboard */,
				F3CBFD3B230EFC2A003A7297 /* BusinessSignUpForm.storyboard */,
				F3CBFD3D230F0584003A7297 /* VolunteerSignUpForm.storyboard */,
				D8F38BE0230E396800C007F6 /* LaunchScreen.storyboard */,
			);
			path = Storyboards;
			sourceTree = "<group>";
		};
		E3E24E2D230F8EE300CD105B /* Models */ = {
			isa = PBXGroup;
			children = (
				E3745BF12314D38D00AA3FF0 /* Volunteer.swift */,
				E3745BF22314D38D00AA3FF0 /* Business.swift */,
				E3E24E2E230F8EF900CD105B /* FoodItem.swift */,
			);
			path = Models;
			sourceTree = "<group>";
		};
		E3E24E30230F929E00CD105B /* Views */ = {
			isa = PBXGroup;
			children = (
				E3E24E3123101EA600CD105B /* FoodItemCollectionViewCell.swift */,
				F31DFF112316253A00124C1E /* PopUp.swift */,
			);
			path = Views;
			sourceTree = "<group>";
		};
		E3E24E522314CE3700CD105B /* Resources */ = {
			isa = PBXGroup;
			children = (
				E3E24E552314CE5A00CD105B /* OpenSans-Bold.ttf */,
				E3E24E532314CE5A00CD105B /* OpenSans-ExtraBold.ttf */,
				E3E24E542314CE5A00CD105B /* OpenSans-Light.ttf */,
				E3E24E572314CE5A00CD105B /* OpenSans-Regular.ttf */,
				E3E24E562314CE5A00CD105B /* OpenSans-SemiBold.ttf */,
			);
			path = Resources;
			sourceTree = "<group>";
		};
/* End PBXGroup section */

/* Begin PBXNativeTarget section */
		D8F38BD3230E396600C007F6 /* Replate */ = {
			isa = PBXNativeTarget;
			buildConfigurationList = D8F38BE6230E396800C007F6 /* Build configuration list for PBXNativeTarget "Replate" */;
			buildPhases = (
				D8F38BD0230E396600C007F6 /* Sources */,
				D8F38BD1230E396600C007F6 /* Frameworks */,
				D8F38BD2230E396600C007F6 /* Resources */,
			);
			buildRules = (
			);
			dependencies = (
			);
			name = Replate;
			productName = Replate;
			productReference = D8F38BD4230E396600C007F6 /* Replate.app */;
			productType = "com.apple.product-type.application";
		};
/* End PBXNativeTarget section */

/* Begin PBXProject section */
		D8F38BCC230E396600C007F6 /* Project object */ = {
			isa = PBXProject;
			attributes = {
				LastSwiftUpdateCheck = 1030;
				LastUpgradeCheck = 1030;
				ORGANIZATIONNAME = "Glas Labs";
				TargetAttributes = {
					D8F38BD3230E396600C007F6 = {
						CreatedOnToolsVersion = 10.3;
					};
				};
			};
			buildConfigurationList = D8F38BCF230E396600C007F6 /* Build configuration list for PBXProject "Replate" */;
			compatibilityVersion = "Xcode 9.3";
			developmentRegion = en;
			hasScannedForEncodings = 0;
			knownRegions = (
				en,
				Base,
			);
			mainGroup = D8F38BCB230E396600C007F6;
			productRefGroup = D8F38BD5230E396600C007F6 /* Products */;
			projectDirPath = "";
			projectRoot = "";
			targets = (
				D8F38BD3230E396600C007F6 /* Replate */,
			);
		};
/* End PBXProject section */

/* Begin PBXResourcesBuildPhase section */
		D8F38BD2230E396600C007F6 /* Resources */ = {
			isa = PBXResourcesBuildPhase;
			buildActionMask = 2147483647;
			files = (
				F3CBFD3E230F0584003A7297 /* VolunteerSignUpForm.storyboard in Resources */,
				E3E24E5C2314CE5A00CD105B /* OpenSans-Regular.ttf in Resources */,
				E3E24E2B230F7F9900CD105B /* Dashboard.storyboard in Resources */,
				E3E24E5B2314CE5A00CD105B /* OpenSans-SemiBold.ttf in Resources */,
				E3E24E592314CE5A00CD105B /* OpenSans-Light.ttf in Resources */,
				E3E24E582314CE5A00CD105B /* OpenSans-ExtraBold.ttf in Resources */,
				F3CBFD3A230EE544003A7297 /* Main.storyboard in Resources */,
				E3E24E5A2314CE5A00CD105B /* OpenSans-Bold.ttf in Resources */,
				D8F38BE2230E396800C007F6 /* LaunchScreen.storyboard in Resources */,
				F3CBFD3C230EFC2A003A7297 /* BusinessSignUpForm.storyboard in Resources */,
				D8F38BDF230E396800C007F6 /* Assets.xcassets in Resources */,
			);
			runOnlyForDeploymentPostprocessing = 0;
		};
/* End PBXResourcesBuildPhase section */

/* Begin PBXSourcesBuildPhase section */
		D8F38BD0230E396600C007F6 /* Sources */ = {
			isa = PBXSourcesBuildPhase;
			buildActionMask = 2147483647;
			files = (
				E3C90189230F2A7B009F9844 /* DashboardCollectionViewController.swift in Sources */,
				E3C90184230F2A7B009F9844 /* SignInViewController.swift in Sources */,
				E3E24E39231371F400CD105B /* DatePickerViewController.swift in Sources */,
				E3C9018A230F2A7B009F9844 /* AddDonationViewController.swift in Sources */,
				E3C90188230F2A7B009F9844 /* WelcomeViewController.swift in Sources */,
				E3745BF42314D38D00AA3FF0 /* Business.swift in Sources */,
				F31DFF122316253A00124C1E /* PopUp.swift in Sources */,
				D8F38BD8230E396600C007F6 /* AppDelegate.swift in Sources */,
				E3C90185230F2A7B009F9844 /* DetailViewController.swift in Sources */,
				E3E24E3223101EA600CD105B /* FoodItemCollectionViewCell.swift in Sources */,
				E3745BF32314D38D00AA3FF0 /* Volunteer.swift in Sources */,
				E3C90187230F2A7B009F9844 /* EditDonationViewController.swift in Sources */,
				E3E24E352310226E00CD105B /* FoodController.swift in Sources */,
				E3745BEF2314D37400AA3FF0 /* BusinessController.swift in Sources */,
				E3745BEA2314D36500AA3FF0 /* Extensions.swift in Sources */,
				E3C90186230F2A7B009F9844 /* SignUpOneViewController.swift in Sources */,
				E3745BEE2314D37400AA3FF0 /* VolunteerController.swift in Sources */,
				E3C90183230F2A7B009F9844 /* SignUpTwoViewController.swift in Sources */,
				E3E24E2F230F8EF900CD105B /* FoodItem.swift in Sources */,
				E3C90182230F2A7B009F9844 /* SignUpThreeViewController.swift in Sources */,
			);
			runOnlyForDeploymentPostprocessing = 0;
		};
/* End PBXSourcesBuildPhase section */

/* Begin PBXVariantGroup section */
		D8F38BE0230E396800C007F6 /* LaunchScreen.storyboard */ = {
			isa = PBXVariantGroup;
			children = (
				D8F38BE1230E396800C007F6 /* Base */,
			);
			name = LaunchScreen.storyboard;
			sourceTree = "<group>";
		};
/* End PBXVariantGroup section */

/* Begin XCBuildConfiguration section */
		D8F38BE4230E396800C007F6 /* Debug */ = {
			isa = XCBuildConfiguration;
			buildSettings = {
				ALWAYS_SEARCH_USER_PATHS = NO;
				CLANG_ANALYZER_NONNULL = YES;
				CLANG_ANALYZER_NUMBER_OBJECT_CONVERSION = YES_AGGRESSIVE;
				CLANG_CXX_LANGUAGE_STANDARD = "gnu++14";
				CLANG_CXX_LIBRARY = "libc++";
				CLANG_ENABLE_MODULES = YES;
				CLANG_ENABLE_OBJC_ARC = YES;
				CLANG_ENABLE_OBJC_WEAK = YES;
				CLANG_WARN_BLOCK_CAPTURE_AUTORELEASING = YES;
				CLANG_WARN_BOOL_CONVERSION = YES;
				CLANG_WARN_COMMA = YES;
				CLANG_WARN_CONSTANT_CONVERSION = YES;
				CLANG_WARN_DEPRECATED_OBJC_IMPLEMENTATIONS = YES;
				CLANG_WARN_DIRECT_OBJC_ISA_USAGE = YES_ERROR;
				CLANG_WARN_DOCUMENTATION_COMMENTS = YES;
				CLANG_WARN_EMPTY_BODY = YES;
				CLANG_WARN_ENUM_CONVERSION = YES;
				CLANG_WARN_INFINITE_RECURSION = YES;
				CLANG_WARN_INT_CONVERSION = YES;
				CLANG_WARN_NON_LITERAL_NULL_CONVERSION = YES;
				CLANG_WARN_OBJC_IMPLICIT_RETAIN_SELF = YES;
				CLANG_WARN_OBJC_LITERAL_CONVERSION = YES;
				CLANG_WARN_OBJC_ROOT_CLASS = YES_ERROR;
				CLANG_WARN_RANGE_LOOP_ANALYSIS = YES;
				CLANG_WARN_STRICT_PROTOTYPES = YES;
				CLANG_WARN_SUSPICIOUS_MOVE = YES;
				CLANG_WARN_UNGUARDED_AVAILABILITY = YES_AGGRESSIVE;
				CLANG_WARN_UNREACHABLE_CODE = YES;
				CLANG_WARN__DUPLICATE_METHOD_MATCH = YES;
				CODE_SIGN_IDENTITY = "iPhone Developer";
				COPY_PHASE_STRIP = NO;
				DEBUG_INFORMATION_FORMAT = dwarf;
				ENABLE_STRICT_OBJC_MSGSEND = YES;
				ENABLE_TESTABILITY = YES;
				GCC_C_LANGUAGE_STANDARD = gnu11;
				GCC_DYNAMIC_NO_PIC = NO;
				GCC_NO_COMMON_BLOCKS = YES;
				GCC_OPTIMIZATION_LEVEL = 0;
				GCC_PREPROCESSOR_DEFINITIONS = (
					"DEBUG=1",
					"$(inherited)",
				);
				GCC_WARN_64_TO_32_BIT_CONVERSION = YES;
				GCC_WARN_ABOUT_RETURN_TYPE = YES_ERROR;
				GCC_WARN_UNDECLARED_SELECTOR = YES;
				GCC_WARN_UNINITIALIZED_AUTOS = YES_AGGRESSIVE;
				GCC_WARN_UNUSED_FUNCTION = YES;
				GCC_WARN_UNUSED_VARIABLE = YES;
				IPHONEOS_DEPLOYMENT_TARGET = 12.4;
				MTL_ENABLE_DEBUG_INFO = INCLUDE_SOURCE;
				MTL_FAST_MATH = YES;
				ONLY_ACTIVE_ARCH = YES;
				SDKROOT = iphoneos;
				SWIFT_ACTIVE_COMPILATION_CONDITIONS = DEBUG;
				SWIFT_OPTIMIZATION_LEVEL = "-Onone";
			};
			name = Debug;
		};
		D8F38BE5230E396800C007F6 /* Release */ = {
			isa = XCBuildConfiguration;
			buildSettings = {
				ALWAYS_SEARCH_USER_PATHS = NO;
				CLANG_ANALYZER_NONNULL = YES;
				CLANG_ANALYZER_NUMBER_OBJECT_CONVERSION = YES_AGGRESSIVE;
				CLANG_CXX_LANGUAGE_STANDARD = "gnu++14";
				CLANG_CXX_LIBRARY = "libc++";
				CLANG_ENABLE_MODULES = YES;
				CLANG_ENABLE_OBJC_ARC = YES;
				CLANG_ENABLE_OBJC_WEAK = YES;
				CLANG_WARN_BLOCK_CAPTURE_AUTORELEASING = YES;
				CLANG_WARN_BOOL_CONVERSION = YES;
				CLANG_WARN_COMMA = YES;
				CLANG_WARN_CONSTANT_CONVERSION = YES;
				CLANG_WARN_DEPRECATED_OBJC_IMPLEMENTATIONS = YES;
				CLANG_WARN_DIRECT_OBJC_ISA_USAGE = YES_ERROR;
				CLANG_WARN_DOCUMENTATION_COMMENTS = YES;
				CLANG_WARN_EMPTY_BODY = YES;
				CLANG_WARN_ENUM_CONVERSION = YES;
				CLANG_WARN_INFINITE_RECURSION = YES;
				CLANG_WARN_INT_CONVERSION = YES;
				CLANG_WARN_NON_LITERAL_NULL_CONVERSION = YES;
				CLANG_WARN_OBJC_IMPLICIT_RETAIN_SELF = YES;
				CLANG_WARN_OBJC_LITERAL_CONVERSION = YES;
				CLANG_WARN_OBJC_ROOT_CLASS = YES_ERROR;
				CLANG_WARN_RANGE_LOOP_ANALYSIS = YES;
				CLANG_WARN_STRICT_PROTOTYPES = YES;
				CLANG_WARN_SUSPICIOUS_MOVE = YES;
				CLANG_WARN_UNGUARDED_AVAILABILITY = YES_AGGRESSIVE;
				CLANG_WARN_UNREACHABLE_CODE = YES;
				CLANG_WARN__DUPLICATE_METHOD_MATCH = YES;
				CODE_SIGN_IDENTITY = "iPhone Developer";
				COPY_PHASE_STRIP = NO;
				DEBUG_INFORMATION_FORMAT = "dwarf-with-dsym";
				ENABLE_NS_ASSERTIONS = NO;
				ENABLE_STRICT_OBJC_MSGSEND = YES;
				GCC_C_LANGUAGE_STANDARD = gnu11;
				GCC_NO_COMMON_BLOCKS = YES;
				GCC_WARN_64_TO_32_BIT_CONVERSION = YES;
				GCC_WARN_ABOUT_RETURN_TYPE = YES_ERROR;
				GCC_WARN_UNDECLARED_SELECTOR = YES;
				GCC_WARN_UNINITIALIZED_AUTOS = YES_AGGRESSIVE;
				GCC_WARN_UNUSED_FUNCTION = YES;
				GCC_WARN_UNUSED_VARIABLE = YES;
				IPHONEOS_DEPLOYMENT_TARGET = 12.4;
				MTL_ENABLE_DEBUG_INFO = NO;
				MTL_FAST_MATH = YES;
				SDKROOT = iphoneos;
				SWIFT_COMPILATION_MODE = wholemodule;
				SWIFT_OPTIMIZATION_LEVEL = "-O";
				VALIDATE_PRODUCT = YES;
			};
			name = Release;
		};
		D8F38BE7230E396800C007F6 /* Debug */ = {
			isa = XCBuildConfiguration;
			buildSettings = {
				ASSETCATALOG_COMPILER_APPICON_NAME = AppIcon;
				CODE_SIGN_STYLE = Automatic;
				DEVELOPMENT_TEAM = ZYPH2NW7MY;
				INFOPLIST_FILE = Replate/Info.plist;
				LD_RUNPATH_SEARCH_PATHS = (
					"$(inherited)",
					"@executable_path/Frameworks",
				);
				PRODUCT_BUNDLE_IDENTIFIER = com.glaslabs.Replate;
				PRODUCT_NAME = "$(TARGET_NAME)";
				SWIFT_VERSION = 5.0;
				TARGETED_DEVICE_FAMILY = 1;
			};
			name = Debug;
		};
		D8F38BE8230E396800C007F6 /* Release */ = {
			isa = XCBuildConfiguration;
			buildSettings = {
				ASSETCATALOG_COMPILER_APPICON_NAME = AppIcon;
				CODE_SIGN_STYLE = Automatic;
				DEVELOPMENT_TEAM = ZYPH2NW7MY;
				INFOPLIST_FILE = Replate/Info.plist;
				LD_RUNPATH_SEARCH_PATHS = (
					"$(inherited)",
					"@executable_path/Frameworks",
				);
				PRODUCT_BUNDLE_IDENTIFIER = com.glaslabs.Replate;
				PRODUCT_NAME = "$(TARGET_NAME)";
				SWIFT_VERSION = 5.0;
				TARGETED_DEVICE_FAMILY = 1;
			};
			name = Release;
		};
/* End XCBuildConfiguration section */

/* Begin XCConfigurationList section */
		D8F38BCF230E396600C007F6 /* Build configuration list for PBXProject "Replate" */ = {
			isa = XCConfigurationList;
			buildConfigurations = (
				D8F38BE4230E396800C007F6 /* Debug */,
				D8F38BE5230E396800C007F6 /* Release */,
			);
			defaultConfigurationIsVisible = 0;
			defaultConfigurationName = Release;
		};
		D8F38BE6230E396800C007F6 /* Build configuration list for PBXNativeTarget "Replate" */ = {
			isa = XCConfigurationList;
			buildConfigurations = (
				D8F38BE7230E396800C007F6 /* Debug */,
				D8F38BE8230E396800C007F6 /* Release */,
			);
			defaultConfigurationIsVisible = 0;
			defaultConfigurationName = Release;
		};
/* End XCConfigurationList section */
	};
	rootObject = D8F38BCC230E396600C007F6 /* Project object */;
}
